
Microsoft Visual Studio Solution File, Format Version 12.00
# Visual Studio Version 17
VisualStudioVersion = 17.9.34728.123
MinimumVisualStudioVersion = 10.0.40219.1
Project("{9A19103F-16F7-4668-BE54-9A1E7A4F7556}") = "WordPopularity", "WordPopularity.csproj", "{DE9DFA1E-5556-4A38-AFEA-B695889221BB}"
EndProject
Global
	GlobalSection(SolutionConfigurationPlatforms) = preSolution
		Debug|Any CPU = Debug|Any CPU
		Release|Any CPU = Release|Any CPU
	EndGlobalSection
	GlobalSection(ProjectConfigurationPlatforms) = postSolution
		{DE9DFA1E-5556-4A38-AFEA-B695889221BB}.Debug|Any CPU.ActiveCfg = Debug|Any CPU
		{DE9DFA1E-5556-4A38-AFEA-B695889221BB}.Debug|Any CPU.Build.0 = Debug|Any CPU
		{DE9DFA1E-5556-4A38-AFEA-B695889221BB}.Release|Any CPU.ActiveCfg = Release|Any CPU
		{DE9DFA1E-5556-4A38-AFEA-B695889221BB}.Release|Any CPU.Build.0 = Release|Any CPU
	EndGlobalSection
	GlobalSection(SolutionProperties) = preSolution
		HideSolutionNode = FALSE
	EndGlobalSection
	GlobalSection(ExtensibilityGlobals) = postSolution
		SolutionGuid = {F5458206-3E8D-473E-977A-55AC377CF08E}
	EndGlobalSection
EndGlobal
